# This file is automatically @generated by Cargo.
# It is not intended for manual editing.
[[package]]
name = "defaultmap"
version = "0.5.0"
source = "registry+https://github.com/rust-lang/crates.io-index"
checksum = "51c4d4fbd66561c3acff86b297b024826505a715eb1b0984a78013b349d0e834"

[[package]]
name = "maplit"
version = "1.0.2"
source = "registry+https://github.com/rust-lang/crates.io-index"
checksum = "3e2e65a1a2e43cfcb47a895c4c8b10d1f4a61097f9f254f183aee60cad9c651d"

[[package]]
name = "py2rs-cookbook"
version = "0.1.0"
dependencies = [
 "defaultmap",
 "maplit",
]
